
Microsoft Visual Studio Solution File, Format Version 12.00
# Visual Studio Version 17
VisualStudioVersion = 17.2.32630.192
MinimumVisualStudioVersion = 10.0.40219.1
Project("{FAE04EC0-301F-11D3-BF4B-00C04F79EFBC}") = "TradutorApp", "ConsoleApp1\TradutorApp.csproj", "{83741366-0FDD-49FA-8BC7-8433F5F63A5C}"
EndProject
Global
	GlobalSection(SolutionConfigurationPlatforms) = preSolution
		Debug|Any CPU = Debug|Any CPU
		Release|Any CPU = Release|Any CPU
	EndGlobalSection
	GlobalSection(ProjectConfigurationPlatforms) = postSolution
		{83741366-0FDD-49FA-8BC7-8433F5F63A5C}.Debug|Any CPU.ActiveCfg = Debug|Any CPU
		{83741366-0FDD-49FA-8BC7-8433F5F63A5C}.Debug|Any CPU.Build.0 = Debug|Any CPU
		{83741366-0FDD-49FA-8BC7-8433F5F63A5C}.Release|Any CPU.ActiveCfg = Release|Any CPU
		{83741366-0FDD-49FA-8BC7-8433F5F63A5C}.Release|Any CPU.Build.0 = Release|Any CPU
	EndGlobalSection
	GlobalSection(SolutionProperties) = preSolution
		HideSolutionNode = FALSE
	EndGlobalSection
	GlobalSection(ExtensibilityGlobals) = postSolution
		SolutionGuid = {4BF8C904-A018-4E26-AA4B-D5B8CA2D5CED}
	EndGlobalSection
EndGlobal
